
Microsoft Visual Studio Solution File, Format Version 12.00
# Visual Studio Version 16
VisualStudioVersion = 16.0.28922.388
MinimumVisualStudioVersion = 10.0.40219.1
Project("{FAE04EC0-301F-11D3-BF4B-00C04F79EFBC}") = "OpenBullet", "OpenBullet\OpenBullet.csproj", "{99E40E7F-00A4-4FB1-9441-B05A56C47C08}"
EndProject
Project("{FAE04EC0-301F-11D3-BF4B-00C04F79EFBC}") = "RuriLib", "RuriLib\RuriLib.csproj", "{17E95D0B-C1FD-445C-9FDF-244AF7299A67}"
EndProject
Project("{FAE04EC0-301F-11D3-BF4B-00C04F79EFBC}") = "OpenBulletCLI", "OpenBulletCLI\OpenBulletCLI.csproj", "{0B6D8B01-861E-4CAF-B1C9-6670884381DB}"
EndProject
Project("{2150E333-8FDC-42A3-9474-1A3956D46DE8}") = "Solution Items", "Solution Items", "{9EF5E93A-361B-41AC-B36B-F6956CA49067}"
	ProjectSection(SolutionItems) = preProject
		Changelog = Changelog
		NewestVersion = NewestVersion
		VersionHistory = VersionHistory
	EndProjectSection
EndProject
Project("{FAE04EC0-301F-11D3-BF4B-00C04F79EFBC}") = "Anomaly Updater", "ProperUpdater\Anomaly Updater.csproj", "{9FC3061D-B651-4345-9D2B-5660BF8DE5EC}"
EndProject
Project("{FAE04EC0-301F-11D3-BF4B-00C04F79EFBC}") = "Donator Registration", "Donator Registration\Donator Registration\Donator Registration.csproj", "{12B0EF46-FE32-4C00-90B8-DFFF7E640277}"
EndProject
Global
	GlobalSection(SolutionConfigurationPlatforms) = preSolution
		Debug|Any CPU = Debug|Any CPU
		Debug|x86 = Debug|x86
		Release|Any CPU = Release|Any CPU
		Release|x86 = Release|x86
	EndGlobalSection
	GlobalSection(ProjectConfigurationPlatforms) = postSolution
		{99E40E7F-00A4-4FB1-9441-B05A56C47C08}.Debug|Any CPU.ActiveCfg = Debug|Any CPU
		{99E40E7F-00A4-4FB1-9441-B05A56C47C08}.Debug|Any CPU.Build.0 = Debug|Any CPU
		{99E40E7F-00A4-4FB1-9441-B05A56C47C08}.Debug|x86.ActiveCfg = Debug|x86
		{99E40E7F-00A4-4FB1-9441-B05A56C47C08}.Debug|x86.Build.0 = Debug|x86
		{99E40E7F-00A4-4FB1-9441-B05A56C47C08}.Release|Any CPU.ActiveCfg = Release|Any CPU
		{99E40E7F-00A4-4FB1-9441-B05A56C47C08}.Release|Any CPU.Build.0 = Release|Any CPU
		{99E40E7F-00A4-4FB1-9441-B05A56C47C08}.Release|x86.ActiveCfg = Release|x86
		{99E40E7F-00A4-4FB1-9441-B05A56C47C08}.Release|x86.Build.0 = Release|x86
		{17E95D0B-C1FD-445C-9FDF-244AF7299A67}.Debug|Any CPU.ActiveCfg = Debug|Any CPU
		{17E95D0B-C1FD-445C-9FDF-244AF7299A67}.Debug|Any CPU.Build.0 = Debug|Any CPU
		{17E95D0B-C1FD-445C-9FDF-244AF7299A67}.Debug|x86.ActiveCfg = Debug|x86
		{17E95D0B-C1FD-445C-9FDF-244AF7299A67}.Debug|x86.Build.0 = Debug|x86
		{17E95D0B-C1FD-445C-9FDF-244AF7299A67}.Release|Any CPU.ActiveCfg = Release|Any CPU
		{17E95D0B-C1FD-445C-9FDF-244AF7299A67}.Release|Any CPU.Build.0 = Release|Any CPU
		{17E95D0B-C1FD-445C-9FDF-244AF7299A67}.Release|x86.ActiveCfg = Release|x86
		{17E95D0B-C1FD-445C-9FDF-244AF7299A67}.Release|x86.Build.0 = Release|x86
		{0B6D8B01-861E-4CAF-B1C9-6670884381DB}.Debug|Any CPU.ActiveCfg = Debug|Any CPU
		{0B6D8B01-861E-4CAF-B1C9-6670884381DB}.Debug|Any CPU.Build.0 = Debug|Any CPU
		{0B6D8B01-861E-4CAF-B1C9-6670884381DB}.Debug|x86.ActiveCfg = Debug|x86
		{0B6D8B01-861E-4CAF-B1C9-6670884381DB}.Debug|x86.Build.0 = Debug|x86
		{0B6D8B01-861E-4CAF-B1C9-6670884381DB}.Release|Any CPU.ActiveCfg = Release|Any CPU
		{0B6D8B01-861E-4CAF-B1C9-6670884381DB}.Release|Any CPU.Build.0 = Release|Any CPU
		{0B6D8B01-861E-4CAF-B1C9-6670884381DB}.Release|x86.ActiveCfg = Release|x86
		{0B6D8B01-861E-4CAF-B1C9-6670884381DB}.Release|x86.Build.0 = Release|x86
		{9FC3061D-B651-4345-9D2B-5660BF8DE5EC}.Debug|Any CPU.ActiveCfg = Debug|Any CPU
		{9FC3061D-B651-4345-9D2B-5660BF8DE5EC}.Debug|Any CPU.Build.0 = Debug|Any CPU
		{9FC3061D-B651-4345-9D2B-5660BF8DE5EC}.Debug|x86.ActiveCfg = Debug|Any CPU
		{9FC3061D-B651-4345-9D2B-5660BF8DE5EC}.Debug|x86.Build.0 = Debug|Any CPU
		{9FC3061D-B651-4345-9D2B-5660BF8DE5EC}.Release|Any CPU.ActiveCfg = Release|Any CPU
		{9FC3061D-B651-4345-9D2B-5660BF8DE5EC}.Release|Any CPU.Build.0 = Release|Any CPU
		{9FC3061D-B651-4345-9D2B-5660BF8DE5EC}.Release|x86.ActiveCfg = Release|Any CPU
		{9FC3061D-B651-4345-9D2B-5660BF8DE5EC}.Release|x86.Build.0 = Release|Any CPU
		{12B0EF46-FE32-4C00-90B8-DFFF7E640277}.Debug|Any CPU.ActiveCfg = Debug|Any CPU
		{12B0EF46-FE32-4C00-90B8-DFFF7E640277}.Debug|Any CPU.Build.0 = Debug|Any CPU
		{12B0EF46-FE32-4C00-90B8-DFFF7E640277}.Debug|x86.ActiveCfg = Debug|Any CPU
		{12B0EF46-FE32-4C00-90B8-DFFF7E640277}.Debug|x86.Build.0 = Debug|Any CPU
		{12B0EF46-FE32-4C00-90B8-DFFF7E640277}.Release|Any CPU.ActiveCfg = Release|Any CPU
		{12B0EF46-FE32-4C00-90B8-DFFF7E640277}.Release|Any CPU.Build.0 = Release|Any CPU
		{12B0EF46-FE32-4C00-90B8-DFFF7E640277}.Release|x86.ActiveCfg = Release|Any CPU
		{12B0EF46-FE32-4C00-90B8-DFFF7E640277}.Release|x86.Build.0 = Release|Any CPU
	EndGlobalSection
	GlobalSection(SolutionProperties) = preSolution
		HideSolutionNode = FALSE
	EndGlobalSection
	GlobalSection(ExtensibilityGlobals) = postSolution
		SolutionGuid = {3939CED3-BCFE-4159-9956-0AE01C51D0B0}
	EndGlobalSection
EndGlobal
